# This file was autogenerated by Stack.
# You should not edit this file by hand.
# For more information, please see the documentation at:
#   https://docs.haskellstack.org/en/stable/lock_files

packages:
- completed:
    hackage: process-1.6.10.0@sha256:c0d2d8adaca7cea7ceaa60e67b61c775dc03727b83bdb1c97aa8cbeac9f5dd84,2469
    pantry-tree:
      size: 1211
      sha256: 6e90778b5105753d7de0f7a0c502dadf8f04825f17a36186aa801e56ef7ca206
  original:
    hackage: process-1.6.10.0
- completed:
    hackage: parsec-3.1.14.0@sha256:63a4555d6ea2aaccd8588fc809e5d137e72b668898ab3b171ce8458b792f0f36,4356
    pantry-tree:
      size: 2574
      sha256: c17cc12ba9a912521d58d8bcee07830351fe27483d9309ebdac8e32175e10706
  original:
    hackage: parsec-3.1.14.0
snapshots:
- completed:
    size: 532380
    url: https://raw.githubusercontent.com/commercialhaskell/stackage-snapshots/master/lts/16/9.yaml
    sha256: 14a7cec114424e4286adde73364438927a553ed248cc50f069a30a67e3ee1e69
  original: lts-16.9
